
Microsoft Visual Studio Solution File, Format Version 12.00
# Visual Studio Version 17
VisualStudioVersion = 17.11.35327.3
MinimumVisualStudioVersion = 10.0.40219.1
Project("{FAE04EC0-301F-11D3-BF4B-00C04F79EFBC}") = "Qonq.Amazon", "Qonq.Amazon\Qonq.Amazon.csproj", "{31D19154-1FA5-4041-BCC8-4D3040DF4B39}"
EndProject
Project("{FAE04EC0-301F-11D3-BF4B-00C04F79EFBC}") = "Qonq.Amazon.Tests", "Qonq.Amazon.Tests\Qonq.Amazon.Tests.csproj", "{0E703F67-93EC-4CF2-9FA6-A482F4699E07}"
EndProject
Global
	GlobalSection(SolutionConfigurationPlatforms) = preSolution
		Debug|Any CPU = Debug|Any CPU
		Release|Any CPU = Release|Any CPU
	EndGlobalSection
	GlobalSection(ProjectConfigurationPlatforms) = postSolution
		{31D19154-1FA5-4041-BCC8-4D3040DF4B39}.Debug|Any CPU.ActiveCfg = Debug|Any CPU
		{31D19154-1FA5-4041-BCC8-4D3040DF4B39}.Debug|Any CPU.Build.0 = Debug|Any CPU
		{31D19154-1FA5-4041-BCC8-4D3040DF4B39}.Release|Any CPU.ActiveCfg = Release|Any CPU
		{31D19154-1FA5-4041-BCC8-4D3040DF4B39}.Release|Any CPU.Build.0 = Release|Any CPU
		{0E703F67-93EC-4CF2-9FA6-A482F4699E07}.Debug|Any CPU.ActiveCfg = Debug|Any CPU
		{0E703F67-93EC-4CF2-9FA6-A482F4699E07}.Debug|Any CPU.Build.0 = Debug|Any CPU
		{0E703F67-93EC-4CF2-9FA6-A482F4699E07}.Release|Any CPU.ActiveCfg = Release|Any CPU
		{0E703F67-93EC-4CF2-9FA6-A482F4699E07}.Release|Any CPU.Build.0 = Release|Any CPU
	EndGlobalSection
	GlobalSection(SolutionProperties) = preSolution
		HideSolutionNode = FALSE
	EndGlobalSection
	GlobalSection(ExtensibilityGlobals) = postSolution
		SolutionGuid = {65F299B0-1449-47DF-878D-FBFA2BC4E749}
	EndGlobalSection
EndGlobal
